
Microsoft Visual Studio Solution File, Format Version 12.00
# Visual Studio Version 17
VisualStudioVersion = 17.10.34928.147
MinimumVisualStudioVersion = 10.0.40219.1
Project("{9A19103F-16F7-4668-BE54-9A1E7A4F7556}") = "DMA-AU24-LAB2-Group4.Data", "DMA-AU24-LAB2-Group4.Data\DMA-AU24-LAB2-Group4.Data.csproj", "{408A199E-B413-4885-A3A8-9E9D88404542}"
EndProject
Project("{9A19103F-16F7-4668-BE54-9A1E7A4F7556}") = "DMA-AU24-LAB2-Group4.Data.DTO", "DMA-AU24-LAB2-Group4.Data.DTO\DMA-AU24-LAB2-Group4.Data.DTO.csproj", "{D9737294-4118-4248-BC52-34F4A8664A6B}"
EndProject
Project("{FAE04EC0-301F-11D3-BF4B-00C04F79EFBC}") = "DMA-AU24-LAB2-Group4.API", "DMA-AU24-LAB2-Group4.API\DMA-AU24-LAB2-Group4.API.csproj", "{7A23AD9F-8AE4-4D7C-82E4-8F3291F896E2}"
EndProject
Project("{FAE04EC0-301F-11D3-BF4B-00C04F79EFBC}") = "DMA-AU24-LAB2-Group4.Test", "DMA-AU24-LAB2-Group4.Test\DMA-AU24-LAB2-Group4.Test.csproj", "{62EE2AC7-C53F-4546-9E95-90EC07F098CC}"
EndProject
Project("{FAE04EC0-301F-11D3-BF4B-00C04F79EFBC}") = "DMA-AU24-LAB2-Group4.MAUI", "DMA-AU24-LAB2-Group4.MAUI\DMA-AU24-LAB2-Group4.MAUI.csproj", "{8F69ADDB-94BD-476B-B05E-4FE5839FA63A}"
EndProject
Global
	GlobalSection(SolutionConfigurationPlatforms) = preSolution
		Debug|Any CPU = Debug|Any CPU
		Release|Any CPU = Release|Any CPU
	EndGlobalSection
	GlobalSection(ProjectConfigurationPlatforms) = postSolution
		{408A199E-B413-4885-A3A8-9E9D88404542}.Debug|Any CPU.ActiveCfg = Debug|Any CPU
		{408A199E-B413-4885-A3A8-9E9D88404542}.Debug|Any CPU.Build.0 = Debug|Any CPU
		{408A199E-B413-4885-A3A8-9E9D88404542}.Release|Any CPU.ActiveCfg = Release|Any CPU
		{408A199E-B413-4885-A3A8-9E9D88404542}.Release|Any CPU.Build.0 = Release|Any CPU
		{D9737294-4118-4248-BC52-34F4A8664A6B}.Debug|Any CPU.ActiveCfg = Debug|Any CPU
		{D9737294-4118-4248-BC52-34F4A8664A6B}.Debug|Any CPU.Build.0 = Debug|Any CPU
		{D9737294-4118-4248-BC52-34F4A8664A6B}.Release|Any CPU.ActiveCfg = Release|Any CPU
		{D9737294-4118-4248-BC52-34F4A8664A6B}.Release|Any CPU.Build.0 = Release|Any CPU
		{7A23AD9F-8AE4-4D7C-82E4-8F3291F896E2}.Debug|Any CPU.ActiveCfg = Debug|Any CPU
		{7A23AD9F-8AE4-4D7C-82E4-8F3291F896E2}.Debug|Any CPU.Build.0 = Debug|Any CPU
		{7A23AD9F-8AE4-4D7C-82E4-8F3291F896E2}.Release|Any CPU.ActiveCfg = Release|Any CPU
		{7A23AD9F-8AE4-4D7C-82E4-8F3291F896E2}.Release|Any CPU.Build.0 = Release|Any CPU
		{62EE2AC7-C53F-4546-9E95-90EC07F098CC}.Debug|Any CPU.ActiveCfg = Debug|Any CPU
		{62EE2AC7-C53F-4546-9E95-90EC07F098CC}.Debug|Any CPU.Build.0 = Debug|Any CPU
		{62EE2AC7-C53F-4546-9E95-90EC07F098CC}.Release|Any CPU.ActiveCfg = Release|Any CPU
		{62EE2AC7-C53F-4546-9E95-90EC07F098CC}.Release|Any CPU.Build.0 = Release|Any CPU
		{8F69ADDB-94BD-476B-B05E-4FE5839FA63A}.Debug|Any CPU.ActiveCfg = Debug|Any CPU
		{8F69ADDB-94BD-476B-B05E-4FE5839FA63A}.Debug|Any CPU.Build.0 = Debug|Any CPU
		{8F69ADDB-94BD-476B-B05E-4FE5839FA63A}.Debug|Any CPU.Deploy.0 = Debug|Any CPU
		{8F69ADDB-94BD-476B-B05E-4FE5839FA63A}.Release|Any CPU.ActiveCfg = Release|Any CPU
		{8F69ADDB-94BD-476B-B05E-4FE5839FA63A}.Release|Any CPU.Build.0 = Release|Any CPU
		{8F69ADDB-94BD-476B-B05E-4FE5839FA63A}.Release|Any CPU.Deploy.0 = Release|Any CPU
	EndGlobalSection
	GlobalSection(SolutionProperties) = preSolution
		HideSolutionNode = FALSE
	EndGlobalSection
	GlobalSection(ExtensibilityGlobals) = postSolution
		SolutionGuid = {E17A91DB-1168-4DBE-BC10-AADCC35E5499}
	EndGlobalSection
EndGlobal
